
Microsoft Visual Studio Solution File, Format Version 12.00
# Visual Studio Version 16
VisualStudioVersion = 16.0.30406.217
MinimumVisualStudioVersion = 10.0.40219.1
Project("{FAE04EC0-301F-11D3-BF4B-00C04F79EFBC}") = "RandomNumberFileWriter", "RandomNumberFileWriter.csproj", "{FFA969F1-4667-40F1-94CF-CD5273929AE1}"
EndProject
Global
	GlobalSection(SolutionConfigurationPlatforms) = preSolution
		Debug|Any CPU = Debug|Any CPU
		Release|Any CPU = Release|Any CPU
	EndGlobalSection
	GlobalSection(ProjectConfigurationPlatforms) = postSolution
		{FFA969F1-4667-40F1-94CF-CD5273929AE1}.Debug|Any CPU.ActiveCfg = Debug|Any CPU
		{FFA969F1-4667-40F1-94CF-CD5273929AE1}.Debug|Any CPU.Build.0 = Debug|Any CPU
		{FFA969F1-4667-40F1-94CF-CD5273929AE1}.Release|Any CPU.ActiveCfg = Release|Any CPU
		{FFA969F1-4667-40F1-94CF-CD5273929AE1}.Release|Any CPU.Build.0 = Release|Any CPU
	EndGlobalSection
	GlobalSection(SolutionProperties) = preSolution
		HideSolutionNode = FALSE
	EndGlobalSection
	GlobalSection(ExtensibilityGlobals) = postSolution
		SolutionGuid = {80F97766-A3E5-4C39-95A3-6D47F274C40B}
	EndGlobalSection
EndGlobal
